
Microsoft Visual Studio Solution File, Format Version 12.00
# Visual Studio 15
VisualStudioVersion = 15.0.28010.2016
MinimumVisualStudioVersion = 10.0.40219.1
Project("{FAE04EC0-301F-11D3-BF4B-00C04F79EFBC}") = "BlazorApp", "BlazorApp\BlazorApp.csproj", "{D4BE09D5-3646-4C00-B4E2-99C4C701EE03}"
EndProject
Global
	GlobalSection(SolutionConfigurationPlatforms) = preSolution
		Debug|Any CPU = Debug|Any CPU
		Release|Any CPU = Release|Any CPU
	EndGlobalSection
	GlobalSection(ProjectConfigurationPlatforms) = postSolution
		{D4BE09D5-3646-4C00-B4E2-99C4C701EE03}.Debug|Any CPU.ActiveCfg = Debug|Any CPU
		{D4BE09D5-3646-4C00-B4E2-99C4C701EE03}.Debug|Any CPU.Build.0 = Debug|Any CPU
		{D4BE09D5-3646-4C00-B4E2-99C4C701EE03}.Release|Any CPU.ActiveCfg = Release|Any CPU
		{D4BE09D5-3646-4C00-B4E2-99C4C701EE03}.Release|Any CPU.Build.0 = Release|Any CPU
	EndGlobalSection
	GlobalSection(SolutionProperties) = preSolution
		HideSolutionNode = FALSE
	EndGlobalSection
	GlobalSection(ExtensibilityGlobals) = postSolution
		SolutionGuid = {C23A5D05-6A36-4201-A0A0-0F71CEC0DF23}
	EndGlobalSection
EndGlobal
